
Microsoft Visual Studio Solution File, Format Version 12.00
# Visual Studio Version 17
VisualStudioVersion = 17.11.35327.3
MinimumVisualStudioVersion = 10.0.40219.1
Project("{FAE04EC0-301F-11D3-BF4B-00C04F79EFBC}") = "mdsplit", "mdsplit.csproj", "{BEEF7289-230D-4366-B05E-5CC9F093436D}"
EndProject
Global
	GlobalSection(SolutionConfigurationPlatforms) = preSolution
		Debug|Any CPU = Debug|Any CPU
		Release|Any CPU = Release|Any CPU
	EndGlobalSection
	GlobalSection(ProjectConfigurationPlatforms) = postSolution
		{BEEF7289-230D-4366-B05E-5CC9F093436D}.Debug|Any CPU.ActiveCfg = Debug|Any CPU
		{BEEF7289-230D-4366-B05E-5CC9F093436D}.Debug|Any CPU.Build.0 = Debug|Any CPU
		{BEEF7289-230D-4366-B05E-5CC9F093436D}.Release|Any CPU.ActiveCfg = Release|Any CPU
		{BEEF7289-230D-4366-B05E-5CC9F093436D}.Release|Any CPU.Build.0 = Release|Any CPU
	EndGlobalSection
	GlobalSection(SolutionProperties) = preSolution
		HideSolutionNode = FALSE
	EndGlobalSection
	GlobalSection(ExtensibilityGlobals) = postSolution
		SolutionGuid = {5C826458-D60B-434F-BCB2-45CA65826A2D}
	EndGlobalSection
EndGlobal
